
Microsoft Visual Studio Solution File, Format Version 12.00
# Visual Studio Version 16
VisualStudioVersion = 16.0.30406.217
MinimumVisualStudioVersion = 10.0.40219.1
Project("{159641D6-6404-4A2A-AE62-294DE0FE8301}") = "UnderscorePowerQuery", "UnderscorePowerQuery.dtproj", "{FD3F8A5E-B289-4EDD-A0EC-EFEF94824942}"
EndProject
Global
	GlobalSection(SolutionConfigurationPlatforms) = preSolution
		Development|Default = Development|Default
	EndGlobalSection
	GlobalSection(ProjectConfigurationPlatforms) = postSolution
		{FD3F8A5E-B289-4EDD-A0EC-EFEF94824942}.Development|Default.ActiveCfg = Development
		{FD3F8A5E-B289-4EDD-A0EC-EFEF94824942}.Development|Default.Build.0 = Development
	EndGlobalSection
	GlobalSection(SolutionProperties) = preSolution
		HideSolutionNode = FALSE
	EndGlobalSection
	GlobalSection(ExtensibilityGlobals) = postSolution
		SolutionGuid = {167E6F24-1B70-4181-81B8-FAE937AA21A8}
	EndGlobalSection
EndGlobal
